// !$*UTF8*$!
{
	archiveVersion = 1;
	classes = {
	};
	objectVersion = 46;
	objects = {

/* Begin PBXBuildFile section */
		092C9FD21E84FC070068848D /* AppDelegate.swift in Sources */ = {isa = PBXBuildFile; fileRef = 092C9FD11E84FC060068848D /* AppDelegate.swift */; };
		092C9FD41E84FC070068848D /* ViewController.swift in Sources */ = {isa = PBXBuildFile; fileRef = 092C9FD31E84FC070068848D /* ViewController.swift */; };
		092C9FD71E84FC070068848D /* Main.storyboard in Resources */ = {isa = PBXBuildFile; fileRef = 092C9FD51E84FC070068848D /* Main.storyboard */; };
		092C9FD91E84FC070068848D /* Assets.xcassets in Resources */ = {isa = PBXBuildFile; fileRef = 092C9FD81E84FC070068848D /* Assets.xcassets */; };
		092C9FDC1E84FC070068848D /* LaunchScreen.storyboard in Resources */ = {isa = PBXBuildFile; fileRef = 092C9FDA1E84FC070068848D /* LaunchScreen.storyboard */; };
		092C9FE71E84FC070068848D /* CloudSightExampleTests.swift in Sources */ = {isa = PBXBuildFile; fileRef = 092C9FE61E84FC070068848D /* CloudSightExampleTests.swift */; };
		092C9FF21E84FC080068848D /* CloudSightExampleUITests.swift in Sources */ = {isa = PBXBuildFile; fileRef = 092C9FF11E84FC080068848D /* CloudSightExampleUITests.swift */; };
		094861E21E8B732100FE01BE /* logo.png in Resources */ = {isa = PBXBuildFile; fileRef = 094861E11E8B732100FE01BE /* logo.png */; };
		41A9EA75435B008398FD4D74 /* Pods_CloudSightExample.framework in Frameworks */ = {isa = PBXBuildFile; fileRef = 65E7E8EA41AC0BC96509CB05 /* Pods_CloudSightExample.framework */; };
		BD48E601931830EF69E510F5 /* Pods_CloudSightExampleUITests.framework in Frameworks */ = {isa = PBXBuildFile; fileRef = 2A3F23AF0918B07317D35917 /* Pods_CloudSightExampleUITests.framework */; };
		F8551B8244216B258E6E2935 /* Pods_CloudSightExampleTests.framework in Frameworks */ = {isa = PBXBuildFile; fileRef = 9581362790255729658073E8 /* Pods_CloudSightExampleTests.framework */; };
/* End PBXBuildFile section */

/* Begin PBXContainerItemProxy section */
		092C9FE31E84FC070068848D /* PBXContainerItemProxy */ = {
			isa = PBXContainerItemProxy;
			containerPortal = 092C9FC61E84FC060068848D /* Project object */;
			proxyType = 1;
			remoteGlobalIDString = 092C9FCD1E84FC060068848D;
			remoteInfo = CloudSightExample;
		};
		092C9FEE1E84FC080068848D /* PBXContainerItemProxy */ = {
			isa = PBXContainerItemProxy;
			containerPortal = 092C9FC61E84FC060068848D /* Project object */;
			proxyType = 1;
			remoteGlobalIDString = 092C9FCD1E84FC060068848D;
			remoteInfo = CloudSightExample;
		};
/* End PBXContainerItemProxy section */

/* Begin PBXFileReference section */
		092C9FCE1E84FC060068848D /* CloudSightExample.app */ = {isa = PBXFileReference; explicitFileType = wrapper.application; includeInIndex = 0; path = CloudSightExample.app; sourceTree = BUILT_PRODUCTS_DIR; };
		092C9FD11E84FC060068848D /* AppDelegate.swift */ = {isa = PBXFileReference; lastKnownFileType = sourcecode.swift; path = AppDelegate.swift; sourceTree = "<group>"; };
		092C9FD31E84FC070068848D /* ViewController.swift */ = {isa = PBXFileReference; lastKnownFileType = sourcecode.swift; path = ViewController.swift; sourceTree = "<group>"; };
		092C9FD61E84FC070068848D /* Base */ = {isa = PBXFileReference; lastKnownFileType = file.storyboard; name = Base; path = Base.lproj/Main.storyboard; sourceTree = "<group>"; };
		092C9FD81E84FC070068848D /* Assets.xcassets */ = {isa = PBXFileReference; lastKnownFileType = folder.assetcatalog; path = Assets.xcassets; sourceTree = "<group>"; };
		092C9FDB1E84FC070068848D /* Base */ = {isa = PBXFileReference; lastKnownFileType = file.storyboard; name = Base; path = Base.lproj/LaunchScreen.storyboard; sourceTree = "<group>"; };
		092C9FDD1E84FC070068848D /* Info.plist */ = {isa = PBXFileReference; lastKnownFileType = text.plist.xml; path = Info.plist; sourceTree = "<group>"; };
		092C9FE21E84FC070068848D /* CloudSightExampleTests.xctest */ = {isa = PBXFileReference; explicitFileType = wrapper.cfbundle; includeInIndex = 0; path = CloudSightExampleTests.xctest; sourceTree = BUILT_PRODUCTS_DIR; };
		092C9FE61E84FC070068848D /* CloudSightExampleTests.swift */ = {isa = PBXFileReference; lastKnownFileType = sourcecode.swift; path = CloudSightExampleTests.swift; sourceTree = "<group>"; };
		092C9FE81E84FC070068848D /* Info.plist */ = {isa = PBXFileReference; lastKnownFileType = text.plist.xml; path = Info.plist; sourceTree = "<group>"; };
		092C9FED1E84FC080068848D /* CloudSightExampleUITests.xctest */ = {isa = PBXFileReference; explicitFileType = wrapper.cfbundle; includeInIndex = 0; path = CloudSightExampleUITests.xctest; sourceTree = BUILT_PRODUCTS_DIR; };
		092C9FF11E84FC080068848D /* CloudSightExampleUITests.swift */ = {isa = PBXFileReference; lastKnownFileType = sourcecode.swift; path = CloudSightExampleUITests.swift; sourceTree = "<group>"; };
		092C9FF31E84FC080068848D /* Info.plist */ = {isa = PBXFileReference; lastKnownFileType = text.plist.xml; path = Info.plist; sourceTree = "<group>"; };
		094861E11E8B732100FE01BE /* logo.png */ = {isa = PBXFileReference; lastKnownFileType = image.png; path = logo.png; sourceTree = "<group>"; };
		2888E803D2686E75AE4939AD /* Pods-CloudSightExample.debug.xcconfig */ = {isa = PBXFileReference; includeInIndex = 1; lastKnownFileType = text.xcconfig; name = "Pods-CloudSightExample.debug.xcconfig"; path = "Pods/Target Support Files/Pods-CloudSightExample/Pods-CloudSightExample.debug.xcconfig"; sourceTree = "<group>"; };
		2A3F23AF0918B07317D35917 /* Pods_CloudSightExampleUITests.framework */ = {isa = PBXFileReference; explicitFileType = wrapper.framework; includeInIndex = 0; path = Pods_CloudSightExampleUITests.framework; sourceTree = BUILT_PRODUCTS_DIR; };
		595B51BF146FC0A36C1E016C /* Pods-CloudSightExampleTests.release.xcconfig */ = {isa = PBXFileReference; includeInIndex = 1; lastKnownFileType = text.xcconfig; name = "Pods-CloudSightExampleTests.release.xcconfig"; path = "Pods/Target Support Files/Pods-CloudSightExampleTests/Pods-CloudSightExampleTests.release.xcconfig"; sourceTree = "<group>"; };
		6579ABD5CFC128C9A111ABDC /* Pods-CloudSightExampleUITests.release.xcconfig */ = {isa = PBXFileReference; includeInIndex = 1; lastKnownFileType = text.xcconfig; name = "Pods-CloudSightExampleUITests.release.xcconfig"; path = "Pods/Target Support Files/Pods-CloudSightExampleUITests/Pods-CloudSightExampleUITests.release.xcconfig"; sourceTree = "<group>"; };
		65E7E8EA41AC0BC96509CB05 /* Pods_CloudSightExample.framework */ = {isa = PBXFileReference; explicitFileType = wrapper.framework; includeInIndex = 0; path = Pods_CloudSightExample.framework; sourceTree = BUILT_PRODUCTS_DIR; };
		9581362790255729658073E8 /* Pods_CloudSightExampleTests.framework */ = {isa = PBXFileReference; explicitFileType = wrapper.framework; includeInIndex = 0; path = Pods_CloudSightExampleTests.framework; sourceTree = BUILT_PRODUCTS_DIR; };
		9CFD8CD5A202692C8CD66004 /* Pods-CloudSightExampleUITests.debug.xcconfig */ = {isa = PBXFileReference; includeInIndex = 1; lastKnownFileType = text.xcconfig; name = "Pods-CloudSightExampleUITests.debug.xcconfig"; path = "Pods/Target Support Files/Pods-CloudSightExampleUITests/Pods-CloudSightExampleUITests.debug.xcconfig"; sourceTree = "<group>"; };
		BE9B5737EB655D0E2B887CE3 /* Pods-CloudSightExampleTests.debug.xcconfig */ = {isa = PBXFileReference; includeInIndex = 1; lastKnownFileType = text.xcconfig; name = "Pods-CloudSightExampleTests.debug.xcconfig"; path = "Pods/Target Support Files/Pods-CloudSightExampleTests/Pods-CloudSightExampleTests.debug.xcconfig"; sourceTree = "<group>"; };
		FC686AA9588412E091484CA0 /* Pods-CloudSightExample.release.xcconfig */ = {isa = PBXFileReference; includeInIndex = 1; lastKnownFileType = text.xcconfig; name = "Pods-CloudSightExample.release.xcconfig"; path = "Pods/Target Support Files/Pods-CloudSightExample/Pods-CloudSightExample.release.xcconfig"; sourceTree = "<group>"; };
/* End PBXFileReference section */

/* Begin PBXFrameworksBuildPhase section */
		092C9FCB1E84FC060068848D /* Frameworks */ = {
			isa = PBXFrameworksBuildPhase;
			buildActionMask = 2147483647;
			files = (
				41A9EA75435B008398FD4D74 /* Pods_CloudSightExample.framework in Frameworks */,
			);
			runOnlyForDeploymentPostprocessing = 0;
		};
		092C9FDF1E84FC070068848D /* Frameworks */ = {
			isa = PBXFrameworksBuildPhase;
			buildActionMask = 2147483647;
			files = (
				F8551B8244216B258E6E2935 /* Pods_CloudSightExampleTests.framework in Frameworks */,
			);
			runOnlyForDeploymentPostprocessing = 0;
		};
		092C9FEA1E84FC080068848D /* Frameworks */ = {
			isa = PBXFrameworksBuildPhase;
			buildActionMask = 2147483647;
			files = (
				BD48E601931830EF69E510F5 /* Pods_CloudSightExampleUITests.framework in Frameworks */,
			);
			runOnlyForDeploymentPostprocessing = 0;
		};
/* End PBXFrameworksBuildPhase section */

/* Begin PBXGroup section */
		092C9FC51E84FC060068848D = {
			isa = PBXGroup;
			children = (
				094861E11E8B732100FE01BE /* logo.png */,
				092C9FD01E84FC060068848D /* CloudSightExample */,
				092C9FE51E84FC070068848D /* CloudSightExampleTests */,
				092C9FF01E84FC080068848D /* CloudSightExampleUITests */,
				092C9FCF1E84FC060068848D /* Products */,
				1DC1B91658BF9D5EB23368A1 /* Pods */,
				1216D07AF2F0F86293F0082E /* Frameworks */,
			);
			sourceTree = "<group>";
		};
		092C9FCF1E84FC060068848D /* Products */ = {
			isa = PBXGroup;
			children = (
				092C9FCE1E84FC060068848D /* CloudSightExample.app */,
				092C9FE21E84FC070068848D /* CloudSightExampleTests.xctest */,
				092C9FED1E84FC080068848D /* CloudSightExampleUITests.xctest */,
			);
			name = Products;
			sourceTree = "<group>";
		};
		092C9FD01E84FC060068848D /* CloudSightExample */ = {
			isa = PBXGroup;
			children = (
				092C9FD11E84FC060068848D /* AppDelegate.swift */,
				092C9FD31E84FC070068848D /* ViewController.swift */,
				092C9FD51E84FC070068848D /* Main.storyboard */,
				092C9FD81E84FC070068848D /* Assets.xcassets */,
				092C9FDA1E84FC070068848D /* LaunchScreen.storyboard */,
				092C9FDD1E84FC070068848D /* Info.plist */,
			);
			path = CloudSightExample;
			sourceTree = "<group>";
		};
		092C9FE51E84FC070068848D /* CloudSightExampleTests */ = {
			isa = PBXGroup;
			children = (
				092C9FE61E84FC070068848D /* CloudSightExampleTests.swift */,
				092C9FE81E84FC070068848D /* Info.plist */,
			);
			path = CloudSightExampleTests;
			sourceTree = "<group>";
		};
		092C9FF01E84FC080068848D /* CloudSightExampleUITests */ = {
			isa = PBXGroup;
			children = (
				092C9FF11E84FC080068848D /* CloudSightExampleUITests.swift */,
				092C9FF31E84FC080068848D /* Info.plist */,
			);
			path = CloudSightExampleUITests;
			sourceTree = "<group>";
		};
		1216D07AF2F0F86293F0082E /* Frameworks */ = {
			isa = PBXGroup;
			children = (
				65E7E8EA41AC0BC96509CB05 /* Pods_CloudSightExample.framework */,
				9581362790255729658073E8 /* Pods_CloudSightExampleTests.framework */,
				2A3F23AF0918B07317D35917 /* Pods_CloudSightExampleUITests.framework */,
			);
			name = Frameworks;
			sourceTree = "<group>";
		};
		1DC1B91658BF9D5EB23368A1 /* Pods */ = {
			isa = PBXGroup;
			children = (
				2888E803D2686E75AE4939AD /* Pods-CloudSightExample.debug.xcconfig */,
				FC686AA9588412E091484CA0 /* Pods-CloudSightExample.release.xcconfig */,
				BE9B5737EB655D0E2B887CE3 /* Pods-CloudSightExampleTests.debug.xcconfig */,
				595B51BF146FC0A36C1E016C /* Pods-CloudSightExampleTests.release.xcconfig */,
				9CFD8CD5A202692C8CD66004 /* Pods-CloudSightExampleUITests.debug.xcconfig */,
				6579ABD5CFC128C9A111ABDC /* Pods-CloudSightExampleUITests.release.xcconfig */,
			);
			name = Pods;
			sourceTree = "<group>";
		};
/* End PBXGroup section */

/* Begin PBXNativeTarget section */
		092C9FCD1E84FC060068848D /* CloudSightExample */ = {
			isa = PBXNativeTarget;
			buildConfigurationList = 092C9FF61E84FC080068848D /* Build configuration list for PBXNativeTarget "CloudSightExample" */;
			buildPhases = (
				4BE0BE9F4A6017D4EDBF264F /* [CP] Check Pods Manifest.lock */,
				092C9FCA1E84FC060068848D /* Sources */,
				092C9FCB1E84FC060068848D /* Frameworks */,
				092C9FCC1E84FC060068848D /* Resources */,
				6EB5A0D489D00AAA12B7047E /* [CP] Embed Pods Frameworks */,
				44212061167FC08A601A22E8 /* [CP] Copy Pods Resources */,
			);
			buildRules = (
			);
			dependencies = (
			);
			name = CloudSightExample;
			productName = CloudSightExample;
			productReference = 092C9FCE1E84FC060068848D /* CloudSightExample.app */;
			productType = "com.apple.product-type.application";
		};
		092C9FE11E84FC070068848D /* CloudSightExampleTests */ = {
			isa = PBXNativeTarget;
			buildConfigurationList = 092C9FF91E84FC080068848D /* Build configuration list for PBXNativeTarget "CloudSightExampleTests" */;
			buildPhases = (
				B53B9BADEBEF8BE16D0B4D24 /* [CP] Check Pods Manifest.lock */,
				092C9FDE1E84FC070068848D /* Sources */,
				092C9FDF1E84FC070068848D /* Frameworks */,
				092C9FE01E84FC070068848D /* Resources */,
				22B6A29AB9DD6D06418C53DE /* [CP] Embed Pods Frameworks */,
				B941D37D48DD72D4D3B5E38B /* [CP] Copy Pods Resources */,
			);
			buildRules = (
			);
			dependencies = (
				092C9FE41E84FC070068848D /* PBXTargetDependency */,
			);
			name = CloudSightExampleTests;
			productName = CloudSightExampleTests;
			productReference = 092C9FE21E84FC070068848D /* CloudSightExampleTests.xctest */;
			productType = "com.apple.product-type.bundle.unit-test";
		};
		092C9FEC1E84FC080068848D /* CloudSightExampleUITests */ = {
			isa = PBXNativeTarget;
			buildConfigurationList = 092C9FFC1E84FC080068848D /* Build configuration list for PBXNativeTarget "CloudSightExampleUITests" */;
			buildPhases = (
				F880E118726961D7F512A0AB /* [CP] Check Pods Manifest.lock */,
				092C9FE91E84FC080068848D /* Sources */,
				092C9FEA1E84FC080068848D /* Frameworks */,
				092C9FEB1E84FC080068848D /* Resources */,
				601AF59988503B2C2727614A /* [CP] Embed Pods Frameworks */,
				932346AF13CADB3C87876864 /* [CP] Copy Pods Resources */,
			);
			buildRules = (
			);
			dependencies = (
				092C9FEF1E84FC080068848D /* PBXTargetDependency */,
			);
			name = CloudSightExampleUITests;
			productName = CloudSightExampleUITests;
			productReference = 092C9FED1E84FC080068848D /* CloudSightExampleUITests.xctest */;
			productType = "com.apple.product-type.bundle.ui-testing";
		};
/* End PBXNativeTarget section */

/* Begin PBXProject section */
		092C9FC61E84FC060068848D /* Project object */ = {
			isa = PBXProject;
			attributes = {
				LastSwiftUpdateCheck = 0720;
				LastUpgradeCheck = 0720;
				ORGANIZATIONNAME = "OCR Labs";
				TargetAttributes = {
					092C9FCD1E84FC060068848D = {
						CreatedOnToolsVersion = 7.2;
					};
					092C9FE11E84FC070068848D = {
						CreatedOnToolsVersion = 7.2;
						TestTargetID = 092C9FCD1E84FC060068848D;
					};
					092C9FEC1E84FC080068848D = {
						CreatedOnToolsVersion = 7.2;
						TestTargetID = 092C9FCD1E84FC060068848D;
					};
				};
			};
			buildConfigurationList = 092C9FC91E84FC060068848D /* Build configuration list for PBXProject "CloudSightExample" */;
			compatibilityVersion = "Xcode 3.2";
			developmentRegion = English;
			hasScannedForEncodings = 0;
			knownRegions = (
				en,
				Base,
			);
			mainGroup = 092C9FC51E84FC060068848D;
			productRefGroup = 092C9FCF1E84FC060068848D /* Products */;
			projectDirPath = "";
			projectRoot = "";
			targets = (
				092C9FCD1E84FC060068848D /* CloudSightExample */,
				092C9FE11E84FC070068848D /* CloudSightExampleTests */,
				092C9FEC1E84FC080068848D /* CloudSightExampleUITests */,
			);
		};
/* End PBXProject section */

/* Begin PBXResourcesBuildPhase section */
		092C9FCC1E84FC060068848D /* Resources */ = {
			isa = PBXResourcesBuildPhase;
			buildActionMask = 2147483647;
			files = (
				094861E21E8B732100FE01BE /* logo.png in Resources */,
				092C9FDC1E84FC070068848D /* LaunchScreen.storyboard in Resources */,
				092C9FD91E84FC070068848D /* Assets.xcassets in Resources */,
				092C9FD71E84FC070068848D /* Main.storyboard in Resources */,
			);
			runOnlyForDeploymentPostprocessing = 0;
		};
		092C9FE01E84FC070068848D /* Resources */ = {
			isa = PBXResourcesBuildPhase;
			buildActionMask = 2147483647;
			files = (
			);
			runOnlyForDeploymentPostprocessing = 0;
		};
		092C9FEB1E84FC080068848D /* Resources */ = {
			isa = PBXResourcesBuildPhase;
			buildActionMask = 2147483647;
			files = (
			);
			runOnlyForDeploymentPostprocessing = 0;
		};
/* End PBXResourcesBuildPhase section */

/* Begin PBXShellScriptBuildPhase section */
		22B6A29AB9DD6D06418C53DE /* [CP] Embed Pods Frameworks */ = {
			isa = PBXShellScriptBuildPhase;
			buildActionMask = 2147483647;
			files = (
			);
			inputPaths = (
			);
			name = "[CP] Embed Pods Frameworks";
			outputPaths = (
			);
			runOnlyForDeploymentPostprocessing = 0;
			shellPath = /bin/sh;
			shellScript = "\"${SRCROOT}/Pods/Target Support Files/Pods-CloudSightExampleTests/Pods-CloudSightExampleTests-frameworks.sh\"\n";
			showEnvVarsInLog = 0;
		};
		44212061167FC08A601A22E8 /* [CP] Copy Pods Resources */ = {
			isa = PBXShellScriptBuildPhase;
			buildActionMask = 2147483647;
			files = (
			);
			inputPaths = (
			);
			name = "[CP] Copy Pods Resources";
			outputPaths = (
			);
			runOnlyForDeploymentPostprocessing = 0;
			shellPath = /bin/sh;
			shellScript = "\"${SRCROOT}/Pods/Target Support Files/Pods-CloudSightExample/Pods-CloudSightExample-resources.sh\"\n";
			showEnvVarsInLog = 0;
		};
		4BE0BE9F4A6017D4EDBF264F /* [CP] Check Pods Manifest.lock */ = {
			isa = PBXShellScriptBuildPhase;
			buildActionMask = 2147483647;
			files = (
			);
			inputPaths = (
			);
			name = "[CP] Check Pods Manifest.lock";
			outputPaths = (
			);
			runOnlyForDeploymentPostprocessing = 0;
			shellPath = /bin/sh;
			shellScript = "diff \"${PODS_PODFILE_DIR_PATH}/Podfile.lock\" \"${PODS_ROOT}/Manifest.lock\" > /dev/null\nif [ $? != 0 ] ; then\n    # print error to STDERR\n    echo \"error: The sandbox is not in sync with the Podfile.lock. Run 'pod install' or update your CocoaPods installation.\" >&2\n    exit 1\nfi\n";
			showEnvVarsInLog = 0;
		};
		601AF59988503B2C2727614A /* [CP] Embed Pods Frameworks */ = {
			isa = PBXShellScriptBuildPhase;
			buildActionMask = 2147483647;
			files = (
			);
			inputPaths = (
			);
			name = "[CP] Embed Pods Frameworks";
			outputPaths = (
			);
			runOnlyForDeploymentPostprocessing = 0;
			shellPath = /bin/sh;
			shellScript = "\"${SRCROOT}/Pods/Target Support Files/Pods-CloudSightExampleUITests/Pods-CloudSightExampleUITests-frameworks.sh\"\n";
			showEnvVarsInLog = 0;
		};
		6EB5A0D489D00AAA12B7047E /* [CP] Embed Pods Frameworks */ = {
			isa = PBXShellScriptBuildPhase;
			buildActionMask = 2147483647;
			files = (
			);
			inputPaths = (
			);
			name = "[CP] Embed Pods Frameworks";
			outputPaths = (
			);
			runOnlyForDeploymentPostprocessing = 0;
			shellPath = /bin/sh;
			shellScript = "\"${SRCROOT}/Pods/Target Support Files/Pods-CloudSightExample/Pods-CloudSightExample-frameworks.sh\"\n";
			showEnvVarsInLog = 0;
		};
		932346AF13CADB3C87876864 /* [CP] Copy Pods Resources */ = {
			isa = PBXShellScriptBuildPhase;
			buildActionMask = 2147483647;
			files = (
			);
			inputPaths = (
			);
			name = "[CP] Copy Pods Resources";
			outputPaths = (
			);
			runOnlyForDeploymentPostprocessing = 0;
			shellPath = /bin/sh;
			shellScript = "\"${SRCROOT}/Pods/Target Support Files/Pods-CloudSightExampleUITests/Pods-CloudSightExampleUITests-resources.sh\"\n";
			showEnvVarsInLog = 0;
		};
		B53B9BADEBEF8BE16D0B4D24 /* [CP] Check Pods Manifest.lock */ = {
			isa = PBXShellScriptBuildPhase;
			buildActionMask = 2147483647;
			files = (
			);
			inputPaths = (
			);
			name = "[CP] Check Pods Manifest.lock";
			outputPaths = (
			);
			runOnlyForDeploymentPostprocessing = 0;
			shellPath = /bin/sh;
			shellScript = "diff \"${PODS_PODFILE_DIR_PATH}/Podfile.lock\" \"${PODS_ROOT}/Manifest.lock\" > /dev/null\nif [ $? != 0 ] ; then\n    # print error to STDERR\n    echo \"error: The sandbox is not in sync with the Podfile.lock. Run 'pod install' or update your CocoaPods installation.\" >&2\n    exit 1\nfi\n";
			showEnvVarsInLog = 0;
		};
		B941D37D48DD72D4D3B5E38B /* [CP] Copy Pods Resources */ = {
			isa = PBXShellScriptBuildPhase;
			buildActionMask = 2147483647;
			files = (
			);
			inputPaths = (
			);
			name = "[CP] Copy Pods Resources";
			outputPaths = (
			);
			runOnlyForDeploymentPostprocessing = 0;
			shellPath = /bin/sh;
			shellScript = "\"${SRCROOT}/Pods/Target Support Files/Pods-CloudSightExampleTests/Pods-CloudSightExampleTests-resources.sh\"\n";
			showEnvVarsInLog = 0;
		};
		F880E118726961D7F512A0AB /* [CP] Check Pods Manifest.lock */ = {
			isa = PBXShellScriptBuildPhase;
			buildActionMask = 2147483647;
			files = (
			);
			inputPaths = (
			);
			name = "[CP] Check Pods Manifest.lock";
			outputPaths = (
			);
			runOnlyForDeploymentPostprocessing = 0;
			shellPath = /bin/sh;
			shellScript = "diff \"${PODS_PODFILE_DIR_PATH}/Podfile.lock\" \"${PODS_ROOT}/Manifest.lock\" > /dev/null\nif [ $? != 0 ] ; then\n    # print error to STDERR\n    echo \"error: The sandbox is not in sync with the Podfile.lock. Run 'pod install' or update your CocoaPods installation.\" >&2\n    exit 1\nfi\n";
			showEnvVarsInLog = 0;
		};
/* End PBXShellScriptBuildPhase section */

/* Begin PBXSourcesBuildPhase section */
		092C9FCA1E84FC060068848D /* Sources */ = {
			isa = PBXSourcesBuildPhase;
			buildActionMask = 2147483647;
			files = (
				092C9FD41E84FC070068848D /* ViewController.swift in Sources */,
				092C9FD21E84FC070068848D /* AppDelegate.swift in Sources */,
			);
			runOnlyForDeploymentPostprocessing = 0;
		};
		092C9FDE1E84FC070068848D /* Sources */ = {
			isa = PBXSourcesBuildPhase;
			buildActionMask = 2147483647;
			files = (
				092C9FE71E84FC070068848D /* CloudSightExampleTests.swift in Sources */,
			);
			runOnlyForDeploymentPostprocessing = 0;
		};
		092C9FE91E84FC080068848D /* Sources */ = {
			isa = PBXSourcesBuildPhase;
			buildActionMask = 2147483647;
			files = (
				092C9FF21E84FC080068848D /* CloudSightExampleUITests.swift in Sources */,
			);
			runOnlyForDeploymentPostprocessing = 0;
		};
/* End PBXSourcesBuildPhase section */

/* Begin PBXTargetDependency section */
		092C9FE41E84FC070068848D /* PBXTargetDependency */ = {
			isa = PBXTargetDependency;
			target = 092C9FCD1E84FC060068848D /* CloudSightExample */;
			targetProxy = 092C9FE31E84FC070068848D /* PBXContainerItemProxy */;
		};
		092C9FEF1E84FC080068848D /* PBXTargetDependency */ = {
			isa = PBXTargetDependency;
			target = 092C9FCD1E84FC060068848D /* CloudSightExample */;
			targetProxy = 092C9FEE1E84FC080068848D /* PBXContainerItemProxy */;
		};
/* End PBXTargetDependency section */

/* Begin PBXVariantGroup section */
		092C9FD51E84FC070068848D /* Main.storyboard */ = {
			isa = PBXVariantGroup;
			children = (
				092C9FD61E84FC070068848D /* Base */,
			);
			name = Main.storyboard;
			sourceTree = "<group>";
		};
		092C9FDA1E84FC070068848D /* LaunchScreen.storyboard */ = {
			isa = PBXVariantGroup;
			children = (
				092C9FDB1E84FC070068848D /* Base */,
			);
			name = LaunchScreen.storyboard;
			sourceTree = "<group>";
		};
/* End PBXVariantGroup section */

/* Begin XCBuildConfiguration section */
		092C9FF41E84FC080068848D /* Debug */ = {
			isa = XCBuildConfiguration;
			buildSettings = {
				ALWAYS_SEARCH_USER_PATHS = NO;
				CLANG_CXX_LANGUAGE_STANDARD = "gnu++0x";
				CLANG_CXX_LIBRARY = "libc++";
				CLANG_ENABLE_MODULES = YES;
				CLANG_ENABLE_OBJC_ARC = YES;
				CLANG_WARN_BOOL_CONVERSION = YES;
				CLANG_WARN_CONSTANT_CONVERSION = YES;
				CLANG_WARN_DIRECT_OBJC_ISA_USAGE = YES_ERROR;
				CLANG_WARN_EMPTY_BODY = YES;
				CLANG_WARN_ENUM_CONVERSION = YES;
				CLANG_WARN_INT_CONVERSION = YES;
				CLANG_WARN_OBJC_ROOT_CLASS = YES_ERROR;
				CLANG_WARN_UNREACHABLE_CODE = YES;
				CLANG_WARN__DUPLICATE_METHOD_MATCH = YES;
				"CODE_SIGN_IDENTITY[sdk=iphoneos*]" = "iPhone Developer";
				COPY_PHASE_STRIP = NO;
				DEBUG_INFORMATION_FORMAT = dwarf;
				ENABLE_STRICT_OBJC_MSGSEND = YES;
				ENABLE_TESTABILITY = YES;
				GCC_C_LANGUAGE_STANDARD = gnu99;
				GCC_DYNAMIC_NO_PIC = NO;
				GCC_NO_COMMON_BLOCKS = YES;
				GCC_OPTIMIZATION_LEVEL = 0;
				GCC_PREPROCESSOR_DEFINITIONS = (
					"DEBUG=1",
					"$(inherited)",
				);
				GCC_WARN_64_TO_32_BIT_CONVERSION = YES;
				GCC_WARN_ABOUT_RETURN_TYPE = YES_ERROR;
				GCC_WARN_UNDECLARED_SELECTOR = YES;
				GCC_WARN_UNINITIALIZED_AUTOS = YES_AGGRESSIVE;
				GCC_WARN_UNUSED_FUNCTION = YES;
				GCC_WARN_UNUSED_VARIABLE = YES;
				IPHONEOS_DEPLOYMENT_TARGET = 9.2;
				MTL_ENABLE_DEBUG_INFO = YES;
				ONLY_ACTIVE_ARCH = YES;
				SDKROOT = iphoneos;
				SWIFT_OPTIMIZATION_LEVEL = "-Onone";
				TARGETED_DEVICE_FAMILY = "1,2";
			};
			name = Debug;
		};
		092C9FF51E84FC080068848D /* Release */ = {
			isa = XCBuildConfiguration;
			buildSettings = {
				ALWAYS_SEARCH_USER_PATHS = NO;
				CLANG_CXX_LANGUAGE_STANDARD = "gnu++0x";
				CLANG_CXX_LIBRARY = "libc++";
				CLANG_ENABLE_MODULES = YES;
				CLANG_ENABLE_OBJC_ARC = YES;
				CLANG_WARN_BOOL_CONVERSION = YES;
				CLANG_WARN_CONSTANT_CONVERSION = YES;
				CLANG_WARN_DIRECT_OBJC_ISA_USAGE = YES_ERROR;
				CLANG_WARN_EMPTY_BODY = YES;
				CLANG_WARN_ENUM_CONVERSION = YES;
				CLANG_WARN_INT_CONVERSION = YES;
				CLANG_WARN_OBJC_ROOT_CLASS = YES_ERROR;
				CLANG_WARN_UNREACHABLE_CODE = YES;
				CLANG_WARN__DUPLICATE_METHOD_MATCH = YES;
				"CODE_SIGN_IDENTITY[sdk=iphoneos*]" = "iPhone Developer";
				COPY_PHASE_STRIP = NO;
				DEBUG_INFORMATION_FORMAT = "dwarf-with-dsym";
				ENABLE_NS_ASSERTIONS = NO;
				ENABLE_STRICT_OBJC_MSGSEND = YES;
				GCC_C_LANGUAGE_STANDARD = gnu99;
				GCC_NO_COMMON_BLOCKS = YES;
				GCC_WARN_64_TO_32_BIT_CONVERSION = YES;
				GCC_WARN_ABOUT_RETURN_TYPE = YES_ERROR;
				GCC_WARN_UNDECLARED_SELECTOR = YES;
				GCC_WARN_UNINITIALIZED_AUTOS = YES_AGGRESSIVE;
				GCC_WARN_UNUSED_FUNCTION = YES;
				GCC_WARN_UNUSED_VARIABLE = YES;
				IPHONEOS_DEPLOYMENT_TARGET = 9.2;
				MTL_ENABLE_DEBUG_INFO = NO;
				SDKROOT = iphoneos;
				TARGETED_DEVICE_FAMILY = "1,2";
				VALIDATE_PRODUCT = YES;
			};
			name = Release;
		};
		092C9FF71E84FC080068848D /* Debug */ = {
			isa = XCBuildConfiguration;
			baseConfigurationReference = 2888E803D2686E75AE4939AD /* Pods-CloudSightExample.debug.xcconfig */;
			buildSettings = {
				ASSETCATALOG_COMPILER_APPICON_NAME = AppIcon;
				INFOPLIST_FILE = CloudSightExample/Info.plist;
				LD_RUNPATH_SEARCH_PATHS = "$(inherited) @executable_path/Frameworks";
				PRODUCT_BUNDLE_IDENTIFIER = com.dolphin.CloudSightExample;
				PRODUCT_NAME = "$(TARGET_NAME)";
			};
			name = Debug;
		};
		092C9FF81E84FC080068848D /* Release */ = {
			isa = XCBuildConfiguration;
			baseConfigurationReference = FC686AA9588412E091484CA0 /* Pods-CloudSightExample.release.xcconfig */;
			buildSettings = {
				ASSETCATALOG_COMPILER_APPICON_NAME = AppIcon;
				INFOPLIST_FILE = CloudSightExample/Info.plist;
				LD_RUNPATH_SEARCH_PATHS = "$(inherited) @executable_path/Frameworks";
				PRODUCT_BUNDLE_IDENTIFIER = com.dolphin.CloudSightExample;
				PRODUCT_NAME = "$(TARGET_NAME)";
			};
			name = Release;
		};
		092C9FFA1E84FC080068848D /* Debug */ = {
			isa = XCBuildConfiguration;
			baseConfigurationReference = BE9B5737EB655D0E2B887CE3 /* Pods-CloudSightExampleTests.debug.xcconfig */;
			buildSettings = {
				BUNDLE_LOADER = "$(TEST_HOST)";
				INFOPLIST_FILE = CloudSightExampleTests/Info.plist;
				LD_RUNPATH_SEARCH_PATHS = "$(inherited) @executable_path/Frameworks @loader_path/Frameworks";
				PRODUCT_BUNDLE_IDENTIFIER = com.dolphin.CloudSightExampleTests;
				PRODUCT_NAME = "$(TARGET_NAME)";
				TEST_HOST = "$(BUILT_PRODUCTS_DIR)/CloudSightExample.app/CloudSightExample";
			};
			name = Debug;
		};
		092C9FFB1E84FC080068848D /* Release */ = {
			isa = XCBuildConfiguration;
			baseConfigurationReference = 595B51BF146FC0A36C1E016C /* Pods-CloudSightExampleTests.release.xcconfig */;
			buildSettings = {
				BUNDLE_LOADER = "$(TEST_HOST)";
				INFOPLIST_FILE = CloudSightExampleTests/Info.plist;
				LD_RUNPATH_SEARCH_PATHS = "$(inherited) @executable_path/Frameworks @loader_path/Frameworks";
				PRODUCT_BUNDLE_IDENTIFIER = com.dolphin.CloudSightExampleTests;
				PRODUCT_NAME = "$(TARGET_NAME)";
				TEST_HOST = "$(BUILT_PRODUCTS_DIR)/CloudSightExample.app/CloudSightExample";
			};
			name = Release;
		};
		092C9FFD1E84FC080068848D /* Debug */ = {
			isa = XCBuildConfiguration;
			baseConfigurationReference = 9CFD8CD5A202692C8CD66004 /* Pods-CloudSightExampleUITests.debug.xcconfig */;
			buildSettings = {
				INFOPLIST_FILE = CloudSightExampleUITests/Info.plist;
				LD_RUNPATH_SEARCH_PATHS = "$(inherited) @executable_path/Frameworks @loader_path/Frameworks";
				PRODUCT_BUNDLE_IDENTIFIER = com.dolphin.CloudSightExampleUITests;
				PRODUCT_NAME = "$(TARGET_NAME)";
				TEST_TARGET_NAME = CloudSightExample;
				USES_XCTRUNNER = YES;
			};
			name = Debug;
		};
		092C9FFE1E84FC080068848D /* Release */ = {
			isa = XCBuildConfiguration;
			baseConfigurationReference = 6579ABD5CFC128C9A111ABDC /* Pods-CloudSightExampleUITests.release.xcconfig */;
			buildSettings = {
				INFOPLIST_FILE = CloudSightExampleUITests/Info.plist;
				LD_RUNPATH_SEARCH_PATHS = "$(inherited) @executable_path/Frameworks @loader_path/Frameworks";
				PRODUCT_BUNDLE_IDENTIFIER = com.dolphin.CloudSightExampleUITests;
				PRODUCT_NAME = "$(TARGET_NAME)";
				TEST_TARGET_NAME = CloudSightExample;
				USES_XCTRUNNER = YES;
			};
			name = Release;
		};
/* End XCBuildConfiguration section */

/* Begin XCConfigurationList section */
		092C9FC91E84FC060068848D /* Build configuration list for PBXProject "CloudSightExample" */ = {
			isa = XCConfigurationList;
			buildConfigurations = (
				092C9FF41E84FC080068848D /* Debug */,
				092C9FF51E84FC080068848D /* Release */,
			);
			defaultConfigurationIsVisible = 0;
			defaultConfigurationName = Release;
		};
		092C9FF61E84FC080068848D /* Build configuration list for PBXNativeTarget "CloudSightExample" */ = {
			isa = XCConfigurationList;
			buildConfigurations = (
				092C9FF71E84FC080068848D /* Debug */,
				092C9FF81E84FC080068848D /* Release */,
			);
			defaultConfigurationIsVisible = 0;
			defaultConfigurationName = Release;
		};
		092C9FF91E84FC080068848D /* Build configuration list for PBXNativeTarget "CloudSightExampleTests" */ = {
			isa = XCConfigurationList;
			buildConfigurations = (
				092C9FFA1E84FC080068848D /* Debug */,
				092C9FFB1E84FC080068848D /* Release */,
			);
			defaultConfigurationIsVisible = 0;
			defaultConfigurationName = Release;
		};
		092C9FFC1E84FC080068848D /* Build configuration list for PBXNativeTarget "CloudSightExampleUITests" */ = {
			isa = XCConfigurationList;
			buildConfigurations = (
				092C9FFD1E84FC080068848D /* Debug */,
				092C9FFE1E84FC080068848D /* Release */,
			);
			defaultConfigurationIsVisible = 0;
			defaultConfigurationName = Release;
		};
/* End XCConfigurationList section */
	};
	rootObject = 092C9FC61E84FC060068848D /* Project object */;
}
